<?xml version="1.0" encoding="UTF-8" standalone="yes" ?>
<CodeBlocks_project_file>
	<FileVersion major="1" minor="6" />
	<Project>
		<Option title="grepster" />
		<Option execution_dir="C:/Users/Arclain/Desktop/wxtest/" />
		<Option pch_mode="2" />
		<Option compiler="gcc" />
		<Build>
			<Target title="Debug">
				<Option output="bin/Debug/grepster" prefix_auto="1" extension_auto="1" />
				<Option object_output="obj/Debug/" />
				<Option type="0" />
				<Option compiler="gcc" />
				<Option projectLinkerOptionsRelation="2" />
				<Compiler>
					<Add option="-w" />
					<Add option="-g" />
					<Add option="-Winvalid-pch" />
					<Add option='-include &quot;precomp.h&quot;' />
					<Add option="-D__WXDEBUG__" />
					<Add directory="C:/wxWidgets-3.0.2/lib/gcc_lib/mswud" />
				</Compiler>
				<ResourceCompiler>
					<Add directory="C:/wxWidgets-3.0.2/lib/gcc_lib/mswud" />
				</ResourceCompiler>
				<Linker>
					<Add library="libwxmsw30ud_aui.a" />
					<Add library="libwxmsw30ud_adv.a" />
					<Add library="libwxmsw30ud_webview.a" />
					<Add library="libwxmsw30ud_core.a" />
					<Add library="libwxbase30ud.a" />
					<Add library="libwxpngd.a" />
					<Add library="libwxzlibd.a" />
					<Add directory="C:/wxWidgets-3.0.2/lib/gcc_lib" />
				</Linker>
			</Target>
			<Target title="Release">
				<Option output="bin/Release/grepster" prefix_auto="1" extension_auto="1" />
				<Option object_output="obj/Release/" />
				<Option type="0" />
				<Option compiler="gcc" />
				<Option projectLinkerOptionsRelation="2" />
				<Compiler>
					<Add option="-O2" />
					<Add directory="C:/wxWidgets-3.0.0/lib/gcc_lib/mswu" />
				</Compiler>
				<ResourceCompiler>
					<Add directory="C:/wxWidgets-3.0.0/lib/gcc_lib/mswu" />
				</ResourceCompiler>
				<Linker>
					<Add option="-s" />
					<Add library="libwxmsw30ud_aui.a" />
					<Add library="libwxmsw30u_adv.a" />
					<Add library="libwxmsw30u_core.a" />
					<Add library="libwxbase30u.a" />
					<Add library="libwxmsw30ud_webview.a" />
					<Add library="libwxpng.a" />
					<Add directory="C:/wxWidgets-3.0.0/lib/gcc_lib" />
				</Linker>
			</Target>
		</Build>
		<Compiler>
			<Add option="-Wall" />
			<Add option="-pipe" />
			<Add option="-mthreads" />
			<Add option="-D__GNUWIN32__" />
			<Add option="-D__WXMSW__" />
			<Add option="-DwxUSE_UNICODE" />
			<Add directory="C:/wxWidgets-3.0.2/include" />
		</Compiler>
		<ResourceCompiler>
			<Add directory="C:/wxWidgets-3.0.2/include" />
		</ResourceCompiler>
		<Linker>
			<Add option="-mthreads" />
			<Add library="libkernel32.a" />
			<Add library="libuser32.a" />
			<Add library="libgdi32.a" />
			<Add library="libwinspool.a" />
			<Add library="libcomdlg32.a" />
			<Add library="libadvapi32.a" />
			<Add library="libshell32.a" />
			<Add library="libole32.a" />
			<Add library="liboleaut32.a" />
			<Add library="libuuid.a" />
			<Add library="libcomctl32.a" />
			<Add library="libwsock32.a" />
			<Add library="libodbc32.a" />
		</Linker>
		<Unit filename="app/CAppEntry.cpp" />
		<Unit filename="app/CAppEntry.h" />
		<Unit filename="app/CAppFrame.cpp" />
		<Unit filename="app/CAppFrame.h" />
		<Unit filename="app/CAppInit.cpp" />
		<Unit filename="app/CAppInit.h" />
		<Unit filename="app/CAppMenubar.cpp" />
		<Unit filename="app/CAppMenubar.h" />
		<Unit filename="app/CConsole.cpp" />
		<Unit filename="app/CConsole.h" />
		<Unit filename="app/CGrepNotebook.cpp" />
		<Unit filename="app/CGrepNotebook.h" />
		<Unit filename="app/CServerStacks.cpp" />
		<Unit filename="app/CServerStacks.h" />
		<Unit filename="app/MenubarProperties.h" />
		<Unit filename="dialogs/CDialogChangeCredentials.cpp" />
		<Unit filename="dialogs/CDialogChangeCredentials.h" />
		<Unit filename="dialogs/CDialogSetPathToTools.cpp" />
		<Unit filename="dialogs/CDialogSetPathToTools.h" />
		<Unit filename="grepster.cpp" />
		<Unit filename="grepster.h" />
		<Unit filename="precomp.h">
			<Option compile="1" />
			<Option weight="0" />
		</Unit>
		<Unit filename="pugixml-1.4/pugiconfig.hpp" />
		<Unit filename="pugixml-1.4/pugixml.cpp" />
		<Unit filename="pugixml-1.4/pugixml.hpp" />
		<Unit filename="resources/grepster.rc">
			<Option compilerVar="WINDRES" />
		</Unit>
		<Unit filename="resources/grepster_rc.h" />
		<Unit filename="session/CAdminAccount.cpp" />
		<Unit filename="session/CAdminAccount.h" />
		<Unit filename="version.h" />
		<Unit filename="webviewer/CWebViewer.cpp" />
		<Unit filename="webviewer/CWebViewer.h" />
		<Extensions>
			<code_completion />
			<envvars />
			<debugger />
			<lib_finder disable_auto="1" />
			<AutoVersioning>
				<Scheme minor_max="9" build_max="100" rev_max="100" rev_rand_max="5" build_times_to_increment_minor="100" />
				<Settings autoincrement="1" date_declarations="1" use_define="0" update_manifest="0" do_auto_increment="1" ask_to_increment="0" language="C++" svn="0" svn_directory="" header_path="version.h" />
				<Changes_Log show_changes_editor="0" app_title="released version %M.%m.%b of %p" changeslog_path="changelog.txt" />
				<Code header_guard="VERSION_H" namespace="AutoVersion" prefix="" />
			</AutoVersioning>
		</Extensions>
	</Project>
</CodeBlocks_project_file>
